
Microsoft Visual Studio Solution File, Format Version 12.00
# Visual Studio Version 17
VisualStudioVersion = 17.7.34024.191
MinimumVisualStudioVersion = 10.0.40219.1
Project("{FAE04EC0-301F-11D3-BF4B-00C04F79EFBC}") = "csharp-biblioteca", "csharp-biblioteca\csharp-biblioteca.csproj", "{B3C68BDB-50D7-4FD1-A9FC-0AF20AC10EE0}"
EndProject
Global
	GlobalSection(SolutionConfigurationPlatforms) = preSolution
		Debug|Any CPU = Debug|Any CPU
		Release|Any CPU = Release|Any CPU
	EndGlobalSection
	GlobalSection(ProjectConfigurationPlatforms) = postSolution
		{B3C68BDB-50D7-4FD1-A9FC-0AF20AC10EE0}.Debug|Any CPU.ActiveCfg = Debug|Any CPU
		{B3C68BDB-50D7-4FD1-A9FC-0AF20AC10EE0}.Debug|Any CPU.Build.0 = Debug|Any CPU
		{B3C68BDB-50D7-4FD1-A9FC-0AF20AC10EE0}.Release|Any CPU.ActiveCfg = Release|Any CPU
		{B3C68BDB-50D7-4FD1-A9FC-0AF20AC10EE0}.Release|Any CPU.Build.0 = Release|Any CPU
	EndGlobalSection
	GlobalSection(SolutionProperties) = preSolution
		HideSolutionNode = FALSE
	EndGlobalSection
	GlobalSection(ExtensibilityGlobals) = postSolution
		SolutionGuid = {7C2E0CF5-277E-4AB0-B871-8B9D7FD403F7}
	EndGlobalSection
EndGlobal
